PODS:
  - Alamofire (4.9.1)
  - SDWebImage (5.10.4):
    - SDWebImage/Core (= 5.10.4)
  - SDWebImage/Core (5.10.4)
  - SwiftyJSON (5.0.0)

DEPENDENCIES:
  - Alamofire (~> 4.4)
  - SDWebImage
  - SwiftyJSON

SPEC REPOS:
  trunk:
    - Alamofire
    - SDWebImage
    - SwiftyJSON

SPEC CHECKSUMS:
  Alamofire: 85e8a02c69d6020a0d734f6054870d7ecb75cf18
  SDWebImage: c666b97e1fa9c64b4909816a903322018f0a9c84
  SwiftyJSON: 36413e04c44ee145039d332b4f4e2d3e8d6c4db7

PODFILE CHECKSUM: 555951cca021965875080330c3f86c9556777c60

COCOAPODS: 1.9.3
